// !$*UTF8*$!
{
	archiveVersion = 1;
	classes = {
	};
	objectVersion = 50;
	objects = {

/* Begin PBXBuildFile section */
		AB7A03AA25F5D25A00FE685E /* RadarWaveApp.swift in Sources */ = {isa = PBXBuildFile; fileRef = AB7A03A925F5D25A00FE685E /* RadarWaveApp.swift */; };
		AB7A03AC25F5D25A00FE685E /* RadarWaveView.swift in Sources */ = {isa = PBXBuildFile; fileRef = AB7A03AB25F5D25A00FE685E /* RadarWaveView.swift */; };
		AB7A03AE25F5D25D00FE685E /* Assets.xcassets in Resources */ = {isa = PBXBuildFile; fileRef = AB7A03AD25F5D25D00FE685E /* Assets.xcassets */; };
		AB7A03B125F5D25D00FE685E /* Preview Assets.xcassets in Resources */ = {isa = PBXBuildFile; fileRef = AB7A03B025F5D25D00FE685E /* Preview Assets.xcassets */; };
		AB7A03BD25F5D4E300FE685E /* ViewModifiers.swift in Sources */ = {isa = PBXBuildFile; fileRef = AB7A03BB25F5D4E300FE685E /* ViewModifiers.swift */; };
/* End PBXBuildFile section */

/* Begin PBXFileReference section */
		AB7A03A625F5D25A00FE685E /* RadarWave.app */ = {isa = PBXFileReference; explicitFileType = wrapper.application; includeInIndex = 0; path = RadarWave.app; sourceTree = BUILT_PRODUCTS_DIR; };
		AB7A03A925F5D25A00FE685E /* RadarWaveApp.swift */ = {isa = PBXFileReference; lastKnownFileType = sourcecode.swift; path = RadarWaveApp.swift; sourceTree = "<group>"; };
		AB7A03AB25F5D25A00FE685E /* RadarWaveView.swift */ = {isa = PBXFileReference; lastKnownFileType = sourcecode.swift; path = RadarWaveView.swift; sourceTree = "<group>"; };
		AB7A03AD25F5D25D00FE685E /* Assets.xcassets */ = {isa = PBXFileReference; lastKnownFileType = folder.assetcatalog; path = Assets.xcassets; sourceTree = "<group>"; };
		AB7A03B025F5D25D00FE685E /* Preview Assets.xcassets */ = {isa = PBXFileReference; lastKnownFileType = folder.assetcatalog; path = "Preview Assets.xcassets"; sourceTree = "<group>"; };
		AB7A03B225F5D25D00FE685E /* Info.plist */ = {isa = PBXFileReference; lastKnownFileType = text.plist.xml; path = Info.plist; sourceTree = "<group>"; };
		AB7A03BB25F5D4E300FE685E /* ViewModifiers.swift */ = {isa = PBXFileReference; fileEncoding = 4; lastKnownFileType = sourcecode.swift; path = ViewModifiers.swift; sourceTree = "<group>"; };
/* End PBXFileReference section */

/* Begin PBXFrameworksBuildPhase section */
		AB7A03A325F5D25A00FE685E /* Frameworks */ = {
			isa = PBXFrameworksBuildPhase;
			buildActionMask = 2147483647;
			files = (
			);
			runOnlyForDeploymentPostprocessing = 0;
		};
/* End PBXFrameworksBuildPhase section */

/* Begin PBXGroup section */
		AB7A039D25F5D25A00FE685E = {
			isa = PBXGroup;
			children = (
				AB7A03A825F5D25A00FE685E /* RadarWave */,
				AB7A03A725F5D25A00FE685E /* Products */,
			);
			sourceTree = "<group>";
		};
		AB7A03A725F5D25A00FE685E /* Products */ = {
			isa = PBXGroup;
			children = (
				AB7A03A625F5D25A00FE685E /* RadarWave.app */,
			);
			name = Products;
			sourceTree = "<group>";
		};
		AB7A03A825F5D25A00FE685E /* RadarWave */ = {
			isa = PBXGroup;
			children = (
				AB7A03A925F5D25A00FE685E /* RadarWaveApp.swift */,
				AB7A03AB25F5D25A00FE685E /* RadarWaveView.swift */,
				AB7A03BB25F5D4E300FE685E /* ViewModifiers.swift */,
				AB7A03AD25F5D25D00FE685E /* Assets.xcassets */,
				AB7A03B225F5D25D00FE685E /* Info.plist */,
				AB7A03AF25F5D25D00FE685E /* Preview Content */,
			);
			path = RadarWave;
			sourceTree = "<group>";
		};
		AB7A03AF25F5D25D00FE685E /* Preview Content */ = {
			isa = PBXGroup;
			children = (
				AB7A03B025F5D25D00FE685E /* Preview Assets.xcassets */,
			);
			path = "Preview Content";
			sourceTree = "<group>";
		};
/* End PBXGroup section */

/* Begin PBXNativeTarget section */
		AB7A03A525F5D25A00FE685E /* RadarWave */ = {
			isa = PBXNativeTarget;
			buildConfigurationList = AB7A03B525F5D25D00FE685E /* Build configuration list for PBXNativeTarget "RadarWave" */;
			buildPhases = (
				AB7A03A225F5D25A00FE685E /* Sources */,
				AB7A03A325F5D25A00FE685E /* Frameworks */,
				AB7A03A425F5D25A00FE685E /* Resources */,
			);
			buildRules = (
			);
			dependencies = (
			);
			name = RadarWave;
			productName = RadarWave;
			productReference = AB7A03A625F5D25A00FE685E /* RadarWave.app */;
			productType = "com.apple.product-type.application";
		};
/* End PBXNativeTarget section */

/* Begin PBXProject section */
		AB7A039E25F5D25A00FE685E /* Project object */ = {
			isa = PBXProject;
			attributes = {
				LastSwiftUpdateCheck = 1240;
				LastUpgradeCheck = 1240;
				TargetAttributes = {
					AB7A03A525F5D25A00FE685E = {
						CreatedOnToolsVersion = 12.4;
					};
				};
			};
			buildConfigurationList = AB7A03A125F5D25A00FE685E /* Build configuration list for PBXProject "RadarWave" */;
			compatibilityVersion = "Xcode 9.3";
			developmentRegion = en;
			hasScannedForEncodings = 0;
			knownRegions = (
				en,
				Base,
			);
			mainGroup = AB7A039D25F5D25A00FE685E;
			productRefGroup = AB7A03A725F5D25A00FE685E /* Products */;
			projectDirPath = "";
			projectRoot = "";
			targets = (
				AB7A03A525F5D25A00FE685E /* RadarWave */,
			);
		};
/* End PBXProject section */

/* Begin PBXResourcesBuildPhase section */
		AB7A03A425F5D25A00FE685E /* Resources */ = {
			isa = PBXResourcesBuildPhase;
			buildActionMask = 2147483647;
			files = (
				AB7A03B125F5D25D00FE685E /* Preview Assets.xcassets in Resources */,
				AB7A03AE25F5D25D00FE685E /* Assets.xcassets in Resources */,
			);
			runOnlyForDeploymentPostprocessing = 0;
		};
/* End PBXResourcesBuildPhase section */

/* Begin PBXSourcesBuildPhase section */
		AB7A03A225F5D25A00FE685E /* Sources */ = {
			isa = PBXSourcesBuildPhase;
			buildActionMask = 2147483647;
			files = (
				AB7A03AC25F5D25A00FE685E /* RadarWaveView.swift in Sources */,
				AB7A03AA25F5D25A00FE685E /* RadarWaveApp.swift in Sources */,
				AB7A03BD25F5D4E300FE685E /* ViewModifiers.swift in Sources */,
			);
			runOnlyForDeploymentPostprocessing = 0;
		};
/* End PBXSourcesBuildPhase section */

/* Begin XCBuildConfiguration section */
		AB7A03B325F5D25D00FE685E /* Debug */ = {
			isa = XCBuildConfiguration;
			buildSettings = {
				ALWAYS_SEARCH_USER_PATHS = NO;
				CLANG_ANALYZER_NONNULL = YES;
				CLANG_ANALYZER_NUMBER_OBJECT_CONVERSION = YES_AGGRESSIVE;
				CLANG_CXX_LANGUAGE_STANDARD = "gnu++14";
				CLANG_CXX_LIBRARY = "libc++";
				CLANG_ENABLE_MODULES = YES;
				CLANG_ENABLE_OBJC_ARC = YES;
				CLANG_ENABLE_OBJC_WEAK = YES;
				CLANG_WARN_BLOCK_CAPTURE_AUTORELEASING = YES;
				CLANG_WARN_BOOL_CONVERSION = YES;
				CLANG_WARN_COMMA = YES;
				CLANG_WARN_CONSTANT_CONVERSION = YES;
				CLANG_WARN_DEPRECATED_OBJC_IMPLEMENTATIONS = YES;
				CLANG_WARN_DIRECT_OBJC_ISA_USAGE = YES_ERROR;
				CLANG_WARN_DOCUMENTATION_COMMENTS = YES;
				CLANG_WARN_EMPTY_BODY = YES;
				CLANG_WARN_ENUM_CONVERSION = YES;
				CLANG_WARN_INFINITE_RECURSION = YES;
				CLANG_WARN_INT_CONVERSION = YES;
				CLANG_WARN_NON_LITERAL_NULL_CONVERSION = YES;
				CLANG_WARN_OBJC_IMPLICIT_RETAIN_SELF = YES;
				CLANG_WARN_OBJC_LITERAL_CONVERSION = YES;
				CLANG_WARN_OBJC_ROOT_CLASS = YES_ERROR;
				CLANG_WARN_QUOTED_INCLUDE_IN_FRAMEWORK_HEADER = YES;
				CLANG_WARN_RANGE_LOOP_ANALYSIS = YES;
				CLANG_WARN_STRICT_PROTOTYPES = YES;
				CLANG_WARN_SUSPICIOUS_MOVE = YES;
				CLANG_WARN_UNGUARDED_AVAILABILITY = YES_AGGRESSIVE;
				CLANG_WARN_UNREACHABLE_CODE = YES;
				CLANG_WARN__DUPLICATE_METHOD_MATCH = YES;
				COPY_PHASE_STRIP = NO;
				DEBUG_INFORMATION_FORMAT = dwarf;
				ENABLE_STRICT_OBJC_MSGSEND = YES;
				ENABLE_TESTABILITY = YES;
				GCC_C_LANGUAGE_STANDARD = gnu11;
				GCC_DYNAMIC_NO_PIC = NO;
				GCC_NO_COMMON_BLOCKS = YES;
				GCC_OPTIMIZATION_LEVEL = 0;
				GCC_PREPROCESSOR_DEFINITIONS = (
					"DEBUG=1",
					"$(inherited)",
				);
				GCC_WARN_64_TO_32_BIT_CONVERSION = YES;
				GCC_WARN_ABOUT_RETURN_TYPE = YES_ERROR;
				GCC_WARN_UNDECLARED_SELECTOR = YES;
				GCC_WARN_UNINITIALIZED_AUTOS = YES_AGGRESSIVE;
				GCC_WARN_UNUSED_FUNCTION = YES;
				GCC_WARN_UNUSED_VARIABLE = YES;
				IPHONEOS_DEPLOYMENT_TARGET = 14.4;
				MTL_ENABLE_DEBUG_INFO = INCLUDE_SOURCE;
				MTL_FAST_MATH = YES;
				ONLY_ACTIVE_ARCH = YES;
				SDKROOT = iphoneos;
				SWIFT_ACTIVE_COMPILATION_CONDITIONS = DEBUG;
				SWIFT_OPTIMIZATION_LEVEL = "-Onone";
			};
			name = Debug;
		};
		AB7A03B425F5D25D00FE685E /* Release */ = {
			isa = XCBuildConfiguration;
			buildSettings = {
				ALWAYS_SEARCH_USER_PATHS = NO;
				CLANG_ANALYZER_NONNULL = YES;
				CLANG_ANALYZER_NUMBER_OBJECT_CONVERSION = YES_AGGRESSIVE;
				CLANG_CXX_LANGUAGE_STANDARD = "gnu++14";
				CLANG_CXX_LIBRARY = "libc++";
				CLANG_ENABLE_MODULES = YES;
				CLANG_ENABLE_OBJC_ARC = YES;
				CLANG_ENABLE_OBJC_WEAK = YES;
				CLANG_WARN_BLOCK_CAPTURE_AUTORELEASING = YES;
				CLANG_WARN_BOOL_CONVERSION = YES;
				CLANG_WARN_COMMA = YES;
				CLANG_WARN_CONSTANT_CONVERSION = YES;
				CLANG_WARN_DEPRECATED_OBJC_IMPLEMENTATIONS = YES;
				CLANG_WARN_DIRECT_OBJC_ISA_USAGE = YES_ERROR;
				CLANG_WARN_DOCUMENTATION_COMMENTS = YES;
				CLANG_WARN_EMPTY_BODY = YES;
				CLANG_WARN_ENUM_CONVERSION = YES;
				CLANG_WARN_INFINITE_RECURSION = YES;
				CLANG_WARN_INT_CONVERSION = YES;
				CLANG_WARN_NON_LITERAL_NULL_CONVERSION = YES;
				CLANG_WARN_OBJC_IMPLICIT_RETAIN_SELF = YES;
				CLANG_WARN_OBJC_LITERAL_CONVERSION = YES;
				CLANG_WARN_OBJC_ROOT_CLASS = YES_ERROR;
				CLANG_WARN_QUOTED_INCLUDE_IN_FRAMEWORK_HEADER = YES;
				CLANG_WARN_RANGE_LOOP_ANALYSIS = YES;
				CLANG_WARN_STRICT_PROTOTYPES = YES;
				CLANG_WARN_SUSPICIOUS_MOVE = YES;
				CLANG_WARN_UNGUARDED_AVAILABILITY = YES_AGGRESSIVE;
				CLANG_WARN_UNREACHABLE_CODE = YES;
				CLANG_WARN__DUPLICATE_METHOD_MATCH = YES;
				COPY_PHASE_STRIP = NO;
				DEBUG_INFORMATION_FORMAT = "dwarf-with-dsym";
				ENABLE_NS_ASSERTIONS = NO;
				ENABLE_STRICT_OBJC_MSGSEND = YES;
				GCC_C_LANGUAGE_STANDARD = gnu11;
				GCC_NO_COMMON_BLOCKS = YES;
				GCC_WARN_64_TO_32_BIT_CONVERSION = YES;
				GCC_WARN_ABOUT_RETURN_TYPE = YES_ERROR;
				GCC_WARN_UNDECLARED_SELECTOR = YES;
				GCC_WARN_UNINITIALIZED_AUTOS = YES_AGGRESSIVE;
				GCC_WARN_UNUSED_FUNCTION = YES;
				GCC_WARN_UNUSED_VARIABLE = YES;
				IPHONEOS_DEPLOYMENT_TARGET = 14.4;
				MTL_ENABLE_DEBUG_INFO = NO;
				MTL_FAST_MATH = YES;
				SDKROOT = iphoneos;
				SWIFT_COMPILATION_MODE = wholemodule;
				SWIFT_OPTIMIZATION_LEVEL = "-O";
				VALIDATE_PRODUCT = YES;
			};
			name = Release;
		};
		AB7A03B625F5D25D00FE685E /* Debug */ = {
			isa = XCBuildConfiguration;
			buildSettings = {
				ASSETCATALOG_COMPILER_APPICON_NAME = AppIcon;
				ASSETCATALOG_COMPILER_GLOBAL_ACCENT_COLOR_NAME = AccentColor;
				CODE_SIGN_STYLE = Automatic;
				DEVELOPMENT_ASSET_PATHS = "\"RadarWave/Preview Content\"";
				DEVELOPMENT_TEAM = 9SKQ7QTZ74;
				ENABLE_PREVIEWS = YES;
				INFOPLIST_FILE = RadarWave/Info.plist;
				IPHONEOS_DEPLOYMENT_TARGET = 14.0;
				LD_RUNPATH_SEARCH_PATHS = (
					"$(inherited)",
					"@executable_path/Frameworks",
				);
				PRODUCT_BUNDLE_IDENTIFIER = carol.RadarWave;
				PRODUCT_NAME = "$(TARGET_NAME)";
				SWIFT_VERSION = 5.0;
				TARGETED_DEVICE_FAMILY = "1,2";
			};
			name = Debug;
		};
		AB7A03B725F5D25D00FE685E /* Release */ = {
			isa = XCBuildConfiguration;
			buildSettings = {
				ASSETCATALOG_COMPILER_APPICON_NAME = AppIcon;
				ASSETCATALOG_COMPILER_GLOBAL_ACCENT_COLOR_NAME = AccentColor;
				CODE_SIGN_STYLE = Automatic;
				DEVELOPMENT_ASSET_PATHS = "\"RadarWave/Preview Content\"";
				DEVELOPMENT_TEAM = 9SKQ7QTZ74;
				ENABLE_PREVIEWS = YES;
				INFOPLIST_FILE = RadarWave/Info.plist;
				IPHONEOS_DEPLOYMENT_TARGET = 14.0;
				LD_RUNPATH_SEARCH_PATHS = (
					"$(inherited)",
					"@executable_path/Frameworks",
				);
				PRODUCT_BUNDLE_IDENTIFIER = carol.RadarWave;
				PRODUCT_NAME = "$(TARGET_NAME)";
				SWIFT_VERSION = 5.0;
				TARGETED_DEVICE_FAMILY = "1,2";
			};
			name = Release;
		};
/* End XCBuildConfiguration section */

/* Begin XCConfigurationList section */
		AB7A03A125F5D25A00FE685E /* Build configuration list for PBXProject "RadarWave" */ = {
			isa = XCConfigurationList;
			buildConfigurations = (
				AB7A03B325F5D25D00FE685E /* Debug */,
				AB7A03B425F5D25D00FE685E /* Release */,
			);
			defaultConfigurationIsVisible = 0;
			defaultConfigurationName = Release;
		};
		AB7A03B525F5D25D00FE685E /* Build configuration list for PBXNativeTarget "RadarWave" */ = {
			isa = XCConfigurationList;
			buildConfigurations = (
				AB7A03B625F5D25D00FE685E /* Debug */,
				AB7A03B725F5D25D00FE685E /* Release */,
			);
			defaultConfigurationIsVisible = 0;
			defaultConfigurationName = Release;
		};
/* End XCConfigurationList section */
	};
	rootObject = AB7A039E25F5D25A00FE685E /* Project object */;
}
